
Microsoft Visual Studio Solution File, Format Version 12.00
# Visual Studio Version 17
VisualStudioVersion = 17.3.32929.385
MinimumVisualStudioVersion = 10.0.40219.1
Project("{FAE04EC0-301F-11D3-BF4B-00C04F79EFBC}") = "Marcu_Adrian_LAB2", "Marcu_Adrian_LAB2\Marcu_Adrian_LAB2.csproj", "{402A0169-AC7B-4C9F-A377-F7211FDD85BA}"
EndProject
Global
	GlobalSection(SolutionConfigurationPlatforms) = preSolution
		Debug|Any CPU = Debug|Any CPU
		Release|Any CPU = Release|Any CPU
	EndGlobalSection
	GlobalSection(ProjectConfigurationPlatforms) = postSolution
		{402A0169-AC7B-4C9F-A377-F7211FDD85BA}.Debug|Any CPU.ActiveCfg = Debug|Any CPU
		{402A0169-AC7B-4C9F-A377-F7211FDD85BA}.Debug|Any CPU.Build.0 = Debug|Any CPU
		{402A0169-AC7B-4C9F-A377-F7211FDD85BA}.Release|Any CPU.ActiveCfg = Release|Any CPU
		{402A0169-AC7B-4C9F-A377-F7211FDD85BA}.Release|Any CPU.Build.0 = Release|Any CPU
	EndGlobalSection
	GlobalSection(SolutionProperties) = preSolution
		HideSolutionNode = FALSE
	EndGlobalSection
	GlobalSection(ExtensibilityGlobals) = postSolution
		SolutionGuid = {552839DD-C422-4E7F-8FF5-30E97C0FEBDA}
	EndGlobalSection
EndGlobal
